// !$*UTF8*$!
{
	archiveVersion = 1;
	classes = {
	};
	objectVersion = 56;
	objects = {

/* Begin PBXBuildFile section */
		262108A82A12648F003D7B3A /* PhotoFrameView.swift in Sources */ = {isa = PBXBuildFile; fileRef = 262108A72A12648F003D7B3A /* PhotoFrameView.swift */; };
		262108AB2A131AC4003D7B3A /* AnalyzedImageStore.swift in Sources */ = {isa = PBXBuildFile; fileRef = 262108AA2A131AC4003D7B3A /* AnalyzedImageStore.swift */; };
		262108AD2A134D2B003D7B3A /* AnalyzeError.swift in Sources */ = {isa = PBXBuildFile; fileRef = 262108AC2A134D2B003D7B3A /* AnalyzeError.swift */; };
		2632E3EF2A10C65D0004D824 /* MoodySnapperApp.swift in Sources */ = {isa = PBXBuildFile; fileRef = 2632E3EE2A10C65D0004D824 /* MoodySnapperApp.swift */; };
		2632E3F32A10C65E0004D824 /* Assets.xcassets in Resources */ = {isa = PBXBuildFile; fileRef = 2632E3F22A10C65E0004D824 /* Assets.xcassets */; };
		2632E3F62A10C65E0004D824 /* Preview Assets.xcassets in Resources */ = {isa = PBXBuildFile; fileRef = 2632E3F52A10C65E0004D824 /* Preview Assets.xcassets */; };
		2632E4052A10C9D50004D824 /* HomeView.swift in Sources */ = {isa = PBXBuildFile; fileRef = 2632E4042A10C9D50004D824 /* HomeView.swift */; };
		2632E40A2A10CAA70004D824 /* CNNEmotions.mlmodel in Sources */ = {isa = PBXBuildFile; fileRef = 2632E4092A10CAA70004D824 /* CNNEmotions.mlmodel */; };
		2632E40C2A10CC450004D824 /* HomeStore.swift in Sources */ = {isa = PBXBuildFile; fileRef = 2632E40B2A10CC450004D824 /* HomeStore.swift */; };
		2632E4202A10D7CC0004D824 /* DailySnaps.xcdatamodeld in Sources */ = {isa = PBXBuildFile; fileRef = 2632E41E2A10D7CC0004D824 /* DailySnaps.xcdatamodeld */; };
		2632E4232A10D9500004D824 /* DailySnapsPersistenceController.swift in Sources */ = {isa = PBXBuildFile; fileRef = 2632E4222A10D9500004D824 /* DailySnapsPersistenceController.swift */; };
		2632E4292A10E3AE0004D824 /* ImageUtil.swift in Sources */ = {isa = PBXBuildFile; fileRef = 2632E4282A10E3AE0004D824 /* ImageUtil.swift */; };
		2632E42D2A10ECB80004D824 /* UIImage.swift in Sources */ = {isa = PBXBuildFile; fileRef = 2632E42C2A10ECB80004D824 /* UIImage.swift */; };
		2632E42F2A10ECE30004D824 /* FaceDetectionUtil.swift in Sources */ = {isa = PBXBuildFile; fileRef = 2632E42E2A10ECE30004D824 /* FaceDetectionUtil.swift */; };
		2632E4312A10F57A0004D824 /* PlaceholderView.swift in Sources */ = {isa = PBXBuildFile; fileRef = 2632E4302A10F57A0004D824 /* PlaceholderView.swift */; };
		2632E4332A10F6530004D824 /* MainView.swift in Sources */ = {isa = PBXBuildFile; fileRef = 2632E4322A10F6530004D824 /* MainView.swift */; };
		2632E4352A10FBE60004D824 /* AnalyzedImageView.swift in Sources */ = {isa = PBXBuildFile; fileRef = 2632E4342A10FBE60004D824 /* AnalyzedImageView.swift */; };
		2632E4372A10FC040004D824 /* Emotion.swift in Sources */ = {isa = PBXBuildFile; fileRef = 2632E4362A10FC040004D824 /* Emotion.swift */; };
		2632E43B2A10FE810004D824 /* ScreenRouting.swift in Sources */ = {isa = PBXBuildFile; fileRef = 2632E43A2A10FE810004D824 /* ScreenRouting.swift */; };
		26B78D152A147B5C0060F507 /* AnalyzedImageSheetView.swift in Sources */ = {isa = PBXBuildFile; fileRef = 26B78D142A147B5C0060F507 /* AnalyzedImageSheetView.swift */; };
/* End PBXBuildFile section */

/* Begin PBXFileReference section */
		262108A72A12648F003D7B3A /* PhotoFrameView.swift */ = {isa = PBXFileReference; lastKnownFileType = sourcecode.swift; path = PhotoFrameView.swift; sourceTree = "<group>"; };
		262108A92A126CB9003D7B3A /* Info.plist */ = {isa = PBXFileReference; lastKnownFileType = text.plist; path = Info.plist; sourceTree = "<group>"; };
		262108AA2A131AC4003D7B3A /* AnalyzedImageStore.swift */ = {isa = PBXFileReference; lastKnownFileType = sourcecode.swift; path = AnalyzedImageStore.swift; sourceTree = "<group>"; };
		262108AC2A134D2B003D7B3A /* AnalyzeError.swift */ = {isa = PBXFileReference; lastKnownFileType = sourcecode.swift; path = AnalyzeError.swift; sourceTree = "<group>"; };
		2632E3EB2A10C65D0004D824 /* MoodySnapper.app */ = {isa = PBXFileReference; explicitFileType = wrapper.application; includeInIndex = 0; path = MoodySnapper.app; sourceTree = BUILT_PRODUCTS_DIR; };
		2632E3EE2A10C65D0004D824 /* MoodySnapperApp.swift */ = {isa = PBXFileReference; lastKnownFileType = sourcecode.swift; path = MoodySnapperApp.swift; sourceTree = "<group>"; };
		2632E3F22A10C65E0004D824 /* Assets.xcassets */ = {isa = PBXFileReference; lastKnownFileType = folder.assetcatalog; path = Assets.xcassets; sourceTree = "<group>"; };
		2632E3F52A10C65E0004D824 /* Preview Assets.xcassets */ = {isa = PBXFileReference; lastKnownFileType = folder.assetcatalog; path = "Preview Assets.xcassets"; sourceTree = "<group>"; };
		2632E4042A10C9D50004D824 /* HomeView.swift */ = {isa = PBXFileReference; lastKnownFileType = sourcecode.swift; path = HomeView.swift; sourceTree = "<group>"; };
		2632E4092A10CAA70004D824 /* CNNEmotions.mlmodel */ = {isa = PBXFileReference; lastKnownFileType = file.mlmodel; path = CNNEmotions.mlmodel; sourceTree = "<group>"; };
		2632E40B2A10CC450004D824 /* HomeStore.swift */ = {isa = PBXFileReference; lastKnownFileType = sourcecode.swift; path = HomeStore.swift; sourceTree = "<group>"; };
		2632E41F2A10D7CC0004D824 /* DailySnaps.xcdatamodel */ = {isa = PBXFileReference; lastKnownFileType = wrapper.xcdatamodel; path = DailySnaps.xcdatamodel; sourceTree = "<group>"; };
		2632E4222A10D9500004D824 /* DailySnapsPersistenceController.swift */ = {isa = PBXFileReference; lastKnownFileType = sourcecode.swift; path = DailySnapsPersistenceController.swift; sourceTree = "<group>"; };
		2632E4282A10E3AE0004D824 /* ImageUtil.swift */ = {isa = PBXFileReference; lastKnownFileType = sourcecode.swift; path = ImageUtil.swift; sourceTree = "<group>"; };
		2632E42C2A10ECB80004D824 /* UIImage.swift */ = {isa = PBXFileReference; lastKnownFileType = sourcecode.swift; path = UIImage.swift; sourceTree = "<group>"; };
		2632E42E2A10ECE30004D824 /* FaceDetectionUtil.swift */ = {isa = PBXFileReference; lastKnownFileType = sourcecode.swift; path = FaceDetectionUtil.swift; sourceTree = "<group>"; };
		2632E4302A10F57A0004D824 /* PlaceholderView.swift */ = {isa = PBXFileReference; lastKnownFileType = sourcecode.swift; path = PlaceholderView.swift; sourceTree = "<group>"; };
		2632E4322A10F6530004D824 /* MainView.swift */ = {isa = PBXFileReference; lastKnownFileType = sourcecode.swift; path = MainView.swift; sourceTree = "<group>"; };
		2632E4342A10FBE60004D824 /* AnalyzedImageView.swift */ = {isa = PBXFileReference; lastKnownFileType = sourcecode.swift; path = AnalyzedImageView.swift; sourceTree = "<group>"; };
		2632E4362A10FC040004D824 /* Emotion.swift */ = {isa = PBXFileReference; lastKnownFileType = sourcecode.swift; path = Emotion.swift; sourceTree = "<group>"; };
		2632E43A2A10FE810004D824 /* ScreenRouting.swift */ = {isa = PBXFileReference; lastKnownFileType = sourcecode.swift; path = ScreenRouting.swift; sourceTree = "<group>"; };
		26B78D142A147B5C0060F507 /* AnalyzedImageSheetView.swift */ = {isa = PBXFileReference; lastKnownFileType = sourcecode.swift; path = AnalyzedImageSheetView.swift; sourceTree = "<group>"; };
/* End PBXFileReference section */

/* Begin PBXFrameworksBuildPhase section */
		2632E3E82A10C65D0004D824 /* Frameworks */ = {
			isa = PBXFrameworksBuildPhase;
			buildActionMask = 2147483647;
			files = (
			);
			runOnlyForDeploymentPostprocessing = 0;
		};
/* End PBXFrameworksBuildPhase section */

/* Begin PBXGroup section */
		2632E3E22A10C65D0004D824 = {
			isa = PBXGroup;
			children = (
				2632E3ED2A10C65D0004D824 /* MoodySnapper */,
				2632E3EC2A10C65D0004D824 /* Products */,
			);
			sourceTree = "<group>";
		};
		2632E3EC2A10C65D0004D824 /* Products */ = {
			isa = PBXGroup;
			children = (
				2632E3EB2A10C65D0004D824 /* MoodySnapper.app */,
			);
			name = Products;
			sourceTree = "<group>";
		};
		2632E3ED2A10C65D0004D824 /* MoodySnapper */ = {
			isa = PBXGroup;
			children = (
				262108A92A126CB9003D7B3A /* Info.plist */,
				2632E3FC2A10C8C30004D824 /* Sources */,
				2632E3EE2A10C65D0004D824 /* MoodySnapperApp.swift */,
				2632E3F22A10C65E0004D824 /* Assets.xcassets */,
				2632E3F42A10C65E0004D824 /* Preview Content */,
			);
			path = MoodySnapper;
			sourceTree = "<group>";
		};
		2632E3F42A10C65E0004D824 /* Preview Content */ = {
			isa = PBXGroup;
			children = (
				2632E3F52A10C65E0004D824 /* Preview Assets.xcassets */,
			);
			path = "Preview Content";
			sourceTree = "<group>";
		};
		2632E3FC2A10C8C30004D824 /* Sources */ = {
			isa = PBXGroup;
			children = (
				2632E4382A10FC080004D824 /* Enums */,
				2632E4272A10E3A00004D824 /* Utils */,
				2632E4242A10E1800004D824 /* Extensions */,
				2632E4212A10D93C0004D824 /* Configs */,
				2632E4022A10C97E0004D824 /* Models */,
				2632E3FF2A10C9150004D824 /* Stores */,
				2632E3FE2A10C90F0004D824 /* Views */,
			);
			path = Sources;
			sourceTree = "<group>";
		};
		2632E3FE2A10C90F0004D824 /* Views */ = {
			isa = PBXGroup;
			children = (
				2632E4012A10C9320004D824 /* Screens */,
				2632E4002A10C92B0004D824 /* Shared */,
				2632E43A2A10FE810004D824 /* ScreenRouting.swift */,
				2632E4322A10F6530004D824 /* MainView.swift */,
			);
			path = Views;
			sourceTree = "<group>";
		};
		2632E3FF2A10C9150004D824 /* Stores */ = {
			isa = PBXGroup;
			children = (
				2632E40B2A10CC450004D824 /* HomeStore.swift */,
				262108AA2A131AC4003D7B3A /* AnalyzedImageStore.swift */,
			);
			path = Stores;
			sourceTree = "<group>";
		};
		2632E4002A10C92B0004D824 /* Shared */ = {
			isa = PBXGroup;
			children = (
				262108A72A12648F003D7B3A /* PhotoFrameView.swift */,
				26B78D142A147B5C0060F507 /* AnalyzedImageSheetView.swift */,
			);
			path = Shared;
			sourceTree = "<group>";
		};
		2632E4012A10C9320004D824 /* Screens */ = {
			isa = PBXGroup;
			children = (
				2632E4042A10C9D50004D824 /* HomeView.swift */,
				2632E4302A10F57A0004D824 /* PlaceholderView.swift */,
				2632E4342A10FBE60004D824 /* AnalyzedImageView.swift */,
			);
			path = Screens;
			sourceTree = "<group>";
		};
		2632E4022A10C97E0004D824 /* Models */ = {
			isa = PBXGroup;
			children = (
				2632E4062A10CA120004D824 /* MachineLearning */,
				2632E4032A10C9850004D824 /* CoreData */,
			);
			path = Models;
			sourceTree = "<group>";
		};
		2632E4032A10C9850004D824 /* CoreData */ = {
			isa = PBXGroup;
			children = (
				2632E4222A10D9500004D824 /* DailySnapsPersistenceController.swift */,
				2632E41E2A10D7CC0004D824 /* DailySnaps.xcdatamodeld */,
			);
			path = CoreData;
			sourceTree = "<group>";
		};
		2632E4062A10CA120004D824 /* MachineLearning */ = {
			isa = PBXGroup;
			children = (
				2632E4092A10CAA70004D824 /* CNNEmotions.mlmodel */,
			);
			path = MachineLearning;
			sourceTree = "<group>";
		};
		2632E4212A10D93C0004D824 /* Configs */ = {
			isa = PBXGroup;
			children = (
			);
			path = Configs;
			sourceTree = "<group>";
		};
		2632E4242A10E1800004D824 /* Extensions */ = {
			isa = PBXGroup;
			children = (
				2632E42C2A10ECB80004D824 /* UIImage.swift */,
			);
			path = Extensions;
			sourceTree = "<group>";
		};
		2632E4272A10E3A00004D824 /* Utils */ = {
			isa = PBXGroup;
			children = (
				2632E4282A10E3AE0004D824 /* ImageUtil.swift */,
				2632E42E2A10ECE30004D824 /* FaceDetectionUtil.swift */,
			);
			path = Utils;
			sourceTree = "<group>";
		};
		2632E4382A10FC080004D824 /* Enums */ = {
			isa = PBXGroup;
			children = (
				2632E4362A10FC040004D824 /* Emotion.swift */,
				262108AC2A134D2B003D7B3A /* AnalyzeError.swift */,
			);
			path = Enums;
			sourceTree = "<group>";
		};
/* End PBXGroup section */

/* Begin PBXNativeTarget section */
		2632E3EA2A10C65D0004D824 /* MoodySnapper */ = {
			isa = PBXNativeTarget;
			buildConfigurationList = 2632E3F92A10C65E0004D824 /* Build configuration list for PBXNativeTarget "MoodySnapper" */;
			buildPhases = (
				2632E3E72A10C65D0004D824 /* Sources */,
				2632E3E82A10C65D0004D824 /* Frameworks */,
				2632E3E92A10C65D0004D824 /* Resources */,
			);
			buildRules = (
			);
			dependencies = (
			);
			name = MoodySnapper;
			productName = MoodySnapper;
			productReference = 2632E3EB2A10C65D0004D824 /* MoodySnapper.app */;
			productType = "com.apple.product-type.application";
		};
/* End PBXNativeTarget section */

/* Begin PBXProject section */
		2632E3E32A10C65D0004D824 /* Project object */ = {
			isa = PBXProject;
			attributes = {
				BuildIndependentTargetsInParallel = 1;
				LastSwiftUpdateCheck = 1430;
				LastUpgradeCheck = 1430;
				TargetAttributes = {
					2632E3EA2A10C65D0004D824 = {
						CreatedOnToolsVersion = 14.3;
					};
				};
			};
			buildConfigurationList = 2632E3E62A10C65D0004D824 /* Build configuration list for PBXProject "MoodySnapper" */;
			compatibilityVersion = "Xcode 14.0";
			developmentRegion = en;
			hasScannedForEncodings = 0;
			knownRegions = (
				en,
				Base,
			);
			mainGroup = 2632E3E22A10C65D0004D824;
			productRefGroup = 2632E3EC2A10C65D0004D824 /* Products */;
			projectDirPath = "";
			projectRoot = "";
			targets = (
				2632E3EA2A10C65D0004D824 /* MoodySnapper */,
			);
		};
/* End PBXProject section */

/* Begin PBXResourcesBuildPhase section */
		2632E3E92A10C65D0004D824 /* Resources */ = {
			isa = PBXResourcesBuildPhase;
			buildActionMask = 2147483647;
			files = (
				2632E3F62A10C65E0004D824 /* Preview Assets.xcassets in Resources */,
				2632E3F32A10C65E0004D824 /* Assets.xcassets in Resources */,
			);
			runOnlyForDeploymentPostprocessing = 0;
		};
/* End PBXResourcesBuildPhase section */

/* Begin PBXSourcesBuildPhase section */
		2632E3E72A10C65D0004D824 /* Sources */ = {
			isa = PBXSourcesBuildPhase;
			buildActionMask = 2147483647;
			files = (
				2632E42F2A10ECE30004D824 /* FaceDetectionUtil.swift in Sources */,
				2632E4332A10F6530004D824 /* MainView.swift in Sources */,
				2632E40C2A10CC450004D824 /* HomeStore.swift in Sources */,
				2632E4292A10E3AE0004D824 /* ImageUtil.swift in Sources */,
				2632E40A2A10CAA70004D824 /* CNNEmotions.mlmodel in Sources */,
				2632E4202A10D7CC0004D824 /* DailySnaps.xcdatamodeld in Sources */,
				26B78D152A147B5C0060F507 /* AnalyzedImageSheetView.swift in Sources */,
				262108AD2A134D2B003D7B3A /* AnalyzeError.swift in Sources */,
				2632E4352A10FBE60004D824 /* AnalyzedImageView.swift in Sources */,
				2632E4232A10D9500004D824 /* DailySnapsPersistenceController.swift in Sources */,
				262108A82A12648F003D7B3A /* PhotoFrameView.swift in Sources */,
				2632E42D2A10ECB80004D824 /* UIImage.swift in Sources */,
				2632E3EF2A10C65D0004D824 /* MoodySnapperApp.swift in Sources */,
				262108AB2A131AC4003D7B3A /* AnalyzedImageStore.swift in Sources */,
				2632E4312A10F57A0004D824 /* PlaceholderView.swift in Sources */,
				2632E4052A10C9D50004D824 /* HomeView.swift in Sources */,
				2632E43B2A10FE810004D824 /* ScreenRouting.swift in Sources */,
				2632E4372A10FC040004D824 /* Emotion.swift in Sources */,
			);
			runOnlyForDeploymentPostprocessing = 0;
		};
/* End PBXSourcesBuildPhase section */

/* Begin XCBuildConfiguration section */
		2632E3F72A10C65E0004D824 /* Debug */ = {
			isa = XCBuildConfiguration;
			buildSettings = {
				ALWAYS_SEARCH_USER_PATHS = NO;
				CLANG_ANALYZER_NONNULL = YES;
				CLANG_ANALYZER_NUMBER_OBJECT_CONVERSION = YES_AGGRESSIVE;
				CLANG_CXX_LANGUAGE_STANDARD = "gnu++20";
				CLANG_ENABLE_MODULES = YES;
				CLANG_ENABLE_OBJC_ARC = YES;
				CLANG_ENABLE_OBJC_WEAK = YES;
				CLANG_WARN_BLOCK_CAPTURE_AUTORELEASING = YES;
				CLANG_WARN_BOOL_CONVERSION = YES;
				CLANG_WARN_COMMA = YES;
				CLANG_WARN_CONSTANT_CONVERSION = YES;
				CLANG_WARN_DEPRECATED_OBJC_IMPLEMENTATIONS = YES;
				CLANG_WARN_DIRECT_OBJC_ISA_USAGE = YES_ERROR;
				CLANG_WARN_DOCUMENTATION_COMMENTS = YES;
				CLANG_WARN_EMPTY_BODY = YES;
				CLANG_WARN_ENUM_CONVERSION = YES;
				CLANG_WARN_INFINITE_RECURSION = YES;
				CLANG_WARN_INT_CONVERSION = YES;
				CLANG_WARN_NON_LITERAL_NULL_CONVERSION = YES;
				CLANG_WARN_OBJC_IMPLICIT_RETAIN_SELF = YES;
				CLANG_WARN_OBJC_LITERAL_CONVERSION = YES;
				CLANG_WARN_OBJC_ROOT_CLASS = YES_ERROR;
				CLANG_WARN_QUOTED_INCLUDE_IN_FRAMEWORK_HEADER = YES;
				CLANG_WARN_RANGE_LOOP_ANALYSIS = YES;
				CLANG_WARN_STRICT_PROTOTYPES = YES;
				CLANG_WARN_SUSPICIOUS_MOVE = YES;
				CLANG_WARN_UNGUARDED_AVAILABILITY = YES_AGGRESSIVE;
				CLANG_WARN_UNREACHABLE_CODE = YES;
				CLANG_WARN__DUPLICATE_METHOD_MATCH = YES;
				COPY_PHASE_STRIP = NO;
				DEBUG_INFORMATION_FORMAT = dwarf;
				ENABLE_STRICT_OBJC_MSGSEND = YES;
				ENABLE_TESTABILITY = YES;
				GCC_C_LANGUAGE_STANDARD = gnu11;
				GCC_DYNAMIC_NO_PIC = NO;
				GCC_NO_COMMON_BLOCKS = YES;
				GCC_OPTIMIZATION_LEVEL = 0;
				GCC_PREPROCESSOR_DEFINITIONS = (
					"DEBUG=1",
					"$(inherited)",
				);
				GCC_WARN_64_TO_32_BIT_CONVERSION = YES;
				GCC_WARN_ABOUT_RETURN_TYPE = YES_ERROR;
				GCC_WARN_UNDECLARED_SELECTOR = YES;
				GCC_WARN_UNINITIALIZED_AUTOS = YES_AGGRESSIVE;
				GCC_WARN_UNUSED_FUNCTION = YES;
				GCC_WARN_UNUSED_VARIABLE = YES;
				IPHONEOS_DEPLOYMENT_TARGET = 16.4;
				MTL_ENABLE_DEBUG_INFO = INCLUDE_SOURCE;
				MTL_FAST_MATH = YES;
				ONLY_ACTIVE_ARCH = YES;
				SDKROOT = iphoneos;
				SWIFT_ACTIVE_COMPILATION_CONDITIONS = DEBUG;
				SWIFT_OPTIMIZATION_LEVEL = "-Onone";
			};
			name = Debug;
		};
		2632E3F82A10C65E0004D824 /* Release */ = {
			isa = XCBuildConfiguration;
			buildSettings = {
				ALWAYS_SEARCH_USER_PATHS = NO;
				CLANG_ANALYZER_NONNULL = YES;
				CLANG_ANALYZER_NUMBER_OBJECT_CONVERSION = YES_AGGRESSIVE;
				CLANG_CXX_LANGUAGE_STANDARD = "gnu++20";
				CLANG_ENABLE_MODULES = YES;
				CLANG_ENABLE_OBJC_ARC = YES;
				CLANG_ENABLE_OBJC_WEAK = YES;
				CLANG_WARN_BLOCK_CAPTURE_AUTORELEASING = YES;
				CLANG_WARN_BOOL_CONVERSION = YES;
				CLANG_WARN_COMMA = YES;
				CLANG_WARN_CONSTANT_CONVERSION = YES;
				CLANG_WARN_DEPRECATED_OBJC_IMPLEMENTATIONS = YES;
				CLANG_WARN_DIRECT_OBJC_ISA_USAGE = YES_ERROR;
				CLANG_WARN_DOCUMENTATION_COMMENTS = YES;
				CLANG_WARN_EMPTY_BODY = YES;
				CLANG_WARN_ENUM_CONVERSION = YES;
				CLANG_WARN_INFINITE_RECURSION = YES;
				CLANG_WARN_INT_CONVERSION = YES;
				CLANG_WARN_NON_LITERAL_NULL_CONVERSION = YES;
				CLANG_WARN_OBJC_IMPLICIT_RETAIN_SELF = YES;
				CLANG_WARN_OBJC_LITERAL_CONVERSION = YES;
				CLANG_WARN_OBJC_ROOT_CLASS = YES_ERROR;
				CLANG_WARN_QUOTED_INCLUDE_IN_FRAMEWORK_HEADER = YES;
				CLANG_WARN_RANGE_LOOP_ANALYSIS = YES;
				CLANG_WARN_STRICT_PROTOTYPES = YES;
				CLANG_WARN_SUSPICIOUS_MOVE = YES;
				CLANG_WARN_UNGUARDED_AVAILABILITY = YES_AGGRESSIVE;
				CLANG_WARN_UNREACHABLE_CODE = YES;
				CLANG_WARN__DUPLICATE_METHOD_MATCH = YES;
				COPY_PHASE_STRIP = NO;
				DEBUG_INFORMATION_FORMAT = "dwarf-with-dsym";
				ENABLE_NS_ASSERTIONS = NO;
				ENABLE_STRICT_OBJC_MSGSEND = YES;
				GCC_C_LANGUAGE_STANDARD = gnu11;
				GCC_NO_COMMON_BLOCKS = YES;
				GCC_WARN_64_TO_32_BIT_CONVERSION = YES;
				GCC_WARN_ABOUT_RETURN_TYPE = YES_ERROR;
				GCC_WARN_UNDECLARED_SELECTOR = YES;
				GCC_WARN_UNINITIALIZED_AUTOS = YES_AGGRESSIVE;
				GCC_WARN_UNUSED_FUNCTION = YES;
				GCC_WARN_UNUSED_VARIABLE = YES;
				IPHONEOS_DEPLOYMENT_TARGET = 16.4;
				MTL_ENABLE_DEBUG_INFO = NO;
				MTL_FAST_MATH = YES;
				SDKROOT = iphoneos;
				SWIFT_COMPILATION_MODE = wholemodule;
				SWIFT_OPTIMIZATION_LEVEL = "-O";
				VALIDATE_PRODUCT = YES;
			};
			name = Release;
		};
		2632E3FA2A10C65E0004D824 /* Debug */ = {
			isa = XCBuildConfiguration;
			buildSettings = {
				ASSETCATALOG_COMPILER_APPICON_NAME = AppIcon;
				ASSETCATALOG_COMPILER_GLOBAL_ACCENT_COLOR_NAME = AccentColor;
				CODE_SIGN_STYLE = Automatic;
				CURRENT_PROJECT_VERSION = 1;
				DEVELOPMENT_ASSET_PATHS = "\"MoodySnapper/Preview Content\"";
				DEVELOPMENT_TEAM = 2W2FLHT9EF;
				ENABLE_PREVIEWS = YES;
				GENERATE_INFOPLIST_FILE = YES;
				INFOPLIST_FILE = MoodySnapper/Info.plist;
				INFOPLIST_KEY_NSCameraUsageDescription = "This app uses the camera in order to track your mood";
				INFOPLIST_KEY_UIApplicationSceneManifest_Generation = YES;
				INFOPLIST_KEY_UIApplicationSupportsIndirectInputEvents = YES;
				INFOPLIST_KEY_UILaunchScreen_Generation = YES;
				INFOPLIST_KEY_UISupportedInterfaceOrientations = UIInterfaceOrientationPortrait;
				INFOPLIST_KEY_UISupportedInterfaceOrientations_iPad = "UIInterfaceOrientationLandscapeLeft UIInterfaceOrientationLandscapeRight UIInterfaceOrientationPortrait UIInterfaceOrientationPortraitUpsideDown";
				INFOPLIST_KEY_UIUserInterfaceStyle = Light;
				LD_RUNPATH_SEARCH_PATHS = (
					"$(inherited)",
					"@executable_path/Frameworks",
				);
				MARKETING_VERSION = 1.0;
				PRODUCT_BUNDLE_IDENTIFIER = com.dzulfikar.MoodySnapper;
				PRODUCT_NAME = "$(TARGET_NAME)";
				SWIFT_EMIT_LOC_STRINGS = YES;
				SWIFT_VERSION = 5.0;
				TARGETED_DEVICE_FAMILY = "1,2";
			};
			name = Debug;
		};
		2632E3FB2A10C65E0004D824 /* Release */ = {
			isa = XCBuildConfiguration;
			buildSettings = {
				ASSETCATALOG_COMPILER_APPICON_NAME = AppIcon;
				ASSETCATALOG_COMPILER_GLOBAL_ACCENT_COLOR_NAME = AccentColor;
				CODE_SIGN_STYLE = Automatic;
				CURRENT_PROJECT_VERSION = 1;
				DEVELOPMENT_ASSET_PATHS = "\"MoodySnapper/Preview Content\"";
				DEVELOPMENT_TEAM = 2W2FLHT9EF;
				ENABLE_PREVIEWS = YES;
				GENERATE_INFOPLIST_FILE = YES;
				INFOPLIST_FILE = MoodySnapper/Info.plist;
				INFOPLIST_KEY_NSCameraUsageDescription = "This app uses the camera in order to track your mood";
				INFOPLIST_KEY_UIApplicationSceneManifest_Generation = YES;
				INFOPLIST_KEY_UIApplicationSupportsIndirectInputEvents = YES;
				INFOPLIST_KEY_UILaunchScreen_Generation = YES;
				INFOPLIST_KEY_UISupportedInterfaceOrientations = UIInterfaceOrientationPortrait;
				INFOPLIST_KEY_UISupportedInterfaceOrientations_iPad = "UIInterfaceOrientationLandscapeLeft UIInterfaceOrientationLandscapeRight UIInterfaceOrientationPortrait UIInterfaceOrientationPortraitUpsideDown";
				INFOPLIST_KEY_UIUserInterfaceStyle = Light;
				LD_RUNPATH_SEARCH_PATHS = (
					"$(inherited)",
					"@executable_path/Frameworks",
				);
				MARKETING_VERSION = 1.0;
				PRODUCT_BUNDLE_IDENTIFIER = com.dzulfikar.MoodySnapper;
				PRODUCT_NAME = "$(TARGET_NAME)";
				SWIFT_EMIT_LOC_STRINGS = YES;
				SWIFT_VERSION = 5.0;
				TARGETED_DEVICE_FAMILY = "1,2";
			};
			name = Release;
		};
/* End XCBuildConfiguration section */

/* Begin XCConfigurationList section */
		2632E3E62A10C65D0004D824 /* Build configuration list for PBXProject "MoodySnapper" */ = {
			isa = XCConfigurationList;
			buildConfigurations = (
				2632E3F72A10C65E0004D824 /* Debug */,
				2632E3F82A10C65E0004D824 /* Release */,
			);
			defaultConfigurationIsVisible = 0;
			defaultConfigurationName = Release;
		};
		2632E3F92A10C65E0004D824 /* Build configuration list for PBXNativeTarget "MoodySnapper" */ = {
			isa = XCConfigurationList;
			buildConfigurations = (
				2632E3FA2A10C65E0004D824 /* Debug */,
				2632E3FB2A10C65E0004D824 /* Release */,
			);
			defaultConfigurationIsVisible = 0;
			defaultConfigurationName = Release;
		};
/* End XCConfigurationList section */

/* Begin XCVersionGroup section */
		2632E41E2A10D7CC0004D824 /* DailySnaps.xcdatamodeld */ = {
			isa = XCVersionGroup;
			children = (
				2632E41F2A10D7CC0004D824 /* DailySnaps.xcdatamodel */,
			);
			currentVersion = 2632E41F2A10D7CC0004D824 /* DailySnaps.xcdatamodel */;
			path = DailySnaps.xcdatamodeld;
			sourceTree = "<group>";
			versionGroupType = wrapper.xcdatamodel;
		};
/* End XCVersionGroup section */
	};
	rootObject = 2632E3E32A10C65D0004D824 /* Project object */;
}
